
Microsoft Visual Studio Solution File, Format Version 12.00
# Visual Studio Version 17
VisualStudioVersion = 17.9.34728.123
MinimumVisualStudioVersion = 10.0.40219.1
Project("{9A19103F-16F7-4668-BE54-9A1E7A4F7556}") = "pac-engine", "pac-engine\pac-engine.csproj", "{154F24D9-794C-4ECF-BBE8-1000ED44530E}"
EndProject
Project("{FAE04EC0-301F-11D3-BF4B-00C04F79EFBC}") = "pac-interface", "pac-interface\pac-interface.csproj", "{64517CF1-67E4-4C61-BA43-EC9E403C3A75}"
EndProject
Global
	GlobalSection(SolutionConfigurationPlatforms) = preSolution
		Debug|Any CPU = Debug|Any CPU
		Release|Any CPU = Release|Any CPU
	EndGlobalSection
	GlobalSection(ProjectConfigurationPlatforms) = postSolution
		{154F24D9-794C-4ECF-BBE8-1000ED44530E}.Debug|Any CPU.ActiveCfg = Debug|Any CPU
		{154F24D9-794C-4ECF-BBE8-1000ED44530E}.Debug|Any CPU.Build.0 = Debug|Any CPU
		{154F24D9-794C-4ECF-BBE8-1000ED44530E}.Release|Any CPU.ActiveCfg = Release|Any CPU
		{154F24D9-794C-4ECF-BBE8-1000ED44530E}.Release|Any CPU.Build.0 = Release|Any CPU
		{64517CF1-67E4-4C61-BA43-EC9E403C3A75}.Debug|Any CPU.ActiveCfg = Debug|Any CPU
		{64517CF1-67E4-4C61-BA43-EC9E403C3A75}.Debug|Any CPU.Build.0 = Debug|Any CPU
		{64517CF1-67E4-4C61-BA43-EC9E403C3A75}.Release|Any CPU.ActiveCfg = Release|Any CPU
		{64517CF1-67E4-4C61-BA43-EC9E403C3A75}.Release|Any CPU.Build.0 = Release|Any CPU
	EndGlobalSection
	GlobalSection(SolutionProperties) = preSolution
		HideSolutionNode = FALSE
	EndGlobalSection
	GlobalSection(ExtensibilityGlobals) = postSolution
		SolutionGuid = {11853B81-95A1-4F9C-93E3-AF516A6D754B}
	EndGlobalSection
EndGlobal
